
Microsoft Visual Studio Solution File, Format Version 12.00
# Visual Studio Version 17
VisualStudioVersion = 17.10.34928.147
MinimumVisualStudioVersion = 10.0.40219.1
Project("{9A19103F-16F7-4668-BE54-9A1E7A4F7556}") = "TMail Unofficial Library", "TMail Unofficial Library.csproj", "{D2C3B305-2865-4B7D-B1B1-F2FBEA52723F}"
EndProject
Global
	GlobalSection(SolutionConfigurationPlatforms) = preSolution
		Debug|Any CPU = Debug|Any CPU
		Release|Any CPU = Release|Any CPU
	EndGlobalSection
	GlobalSection(ProjectConfigurationPlatforms) = postSolution
		{D2C3B305-2865-4B7D-B1B1-F2FBEA52723F}.Debug|Any CPU.ActiveCfg = Debug|Any CPU
		{D2C3B305-2865-4B7D-B1B1-F2FBEA52723F}.Debug|Any CPU.Build.0 = Debug|Any CPU
		{D2C3B305-2865-4B7D-B1B1-F2FBEA52723F}.Release|Any CPU.ActiveCfg = Release|Any CPU
		{D2C3B305-2865-4B7D-B1B1-F2FBEA52723F}.Release|Any CPU.Build.0 = Release|Any CPU
	EndGlobalSection
	GlobalSection(SolutionProperties) = preSolution
		HideSolutionNode = FALSE
	EndGlobalSection
	GlobalSection(ExtensibilityGlobals) = postSolution
		SolutionGuid = {674D7C7E-63CE-45A0-BFE9-B04448D9DA78}
	EndGlobalSection
EndGlobal
